{
  "originHash" : "6eb8cbb1fd0aed0db265050da3ba0b602a6abb61e1649185a722314bc0e8e2ea",
  "pins" : [
    {
      "identity" : "ios-cx",
      "kind" : "remoteSourceControl",
      "location" : "https://github.com/surveyanalyticscorp/ios-cx.git",
      "state" : {
        "revision" : "6a5d02d8a4602970597b7c92f6b0efab6065e6f2",
        "version" : "1.5.5"
      }
    }
  ],
  "version" : 3
}
