{
  "originHash" : "f87df27557e4b029a7b72d7e4cf0ae5e3304bb1bc7d98427ab3027842c759ea9",
  "pins" : [
    {
      "identity" : "cxsdk",
      "kind" : "remoteSourceControl",
      "location" : "https://github.com/prasad-bhide-qp/cxsdk",
      "state" : {
        "revision" : "e5ab761073041663dec848707fcca51faf57ad7c",
        "version" : "2.2.2"
      }
    }
  ],
  "version" : 3
}
