{
  "originHash" : "6eb8cbb1fd0aed0db265050da3ba0b602a6abb61e1649185a722314bc0e8e2ea",
  "pins" : [
    {
      "identity" : "ios-cx",
      "kind" : "remoteSourceControl",
      "location" : "https://github.com/surveyanalyticscorp/ios-cx.git",
      "state" : {
        "revision" : "e489d405fd33821d7869584b5bc95410e77f0475",
        "version" : "2.2.8"
      }
    }
  ],
  "version" : 3
}
